
Microsoft Visual Studio Solution File, Format Version 12.00
# Visual Studio Version 17
VisualStudioVersion = 17.6.33723.286
MinimumVisualStudioVersion = 10.0.40219.1
Project("{FAE04EC0-301F-11D3-BF4B-00C04F79EFBC}") = "ObjectivesAndTasks.Android", "ObjectivesAndTasks\ObjectivesAndTasks.Android\ObjectivesAndTasks.Android.csproj", "{9CAAD5E1-1F82-436F-A418-6AEF07BF8E88}"
EndProject
Project("{FAE04EC0-301F-11D3-BF4B-00C04F79EFBC}") = "ObjectivesAndTasks", "ObjectivesAndTasks\ObjectivesAndTasks\ObjectivesAndTasks.csproj", "{EE6362D0-FAF2-46ED-A458-D69859AE8746}"
EndProject
Global
	GlobalSection(SolutionConfigurationPlatforms) = preSolution
		Debug|Any CPU = Debug|Any CPU
		Release|Any CPU = Release|Any CPU
	EndGlobalSection
	GlobalSection(ProjectConfigurationPlatforms) = postSolution
		{9CAAD5E1-1F82-436F-A418-6AEF07BF8E88}.Debug|Any CPU.ActiveCfg = Debug|Any CPU
		{9CAAD5E1-1F82-436F-A418-6AEF07BF8E88}.Debug|Any CPU.Build.0 = Debug|Any CPU
		{9CAAD5E1-1F82-436F-A418-6AEF07BF8E88}.Debug|Any CPU.Deploy.0 = Debug|Any CPU
		{9CAAD5E1-1F82-436F-A418-6AEF07BF8E88}.Release|Any CPU.ActiveCfg = Release|Any CPU
		{9CAAD5E1-1F82-436F-A418-6AEF07BF8E88}.Release|Any CPU.Build.0 = Release|Any CPU
		{9CAAD5E1-1F82-436F-A418-6AEF07BF8E88}.Release|Any CPU.Deploy.0 = Release|Any CPU
		{EE6362D0-FAF2-46ED-A458-D69859AE8746}.Debug|Any CPU.ActiveCfg = Debug|Any CPU
		{EE6362D0-FAF2-46ED-A458-D69859AE8746}.Debug|Any CPU.Build.0 = Debug|Any CPU
		{EE6362D0-FAF2-46ED-A458-D69859AE8746}.Debug|Any CPU.Deploy.0 = Debug|Any CPU
		{EE6362D0-FAF2-46ED-A458-D69859AE8746}.Release|Any CPU.ActiveCfg = Release|Any CPU
		{EE6362D0-FAF2-46ED-A458-D69859AE8746}.Release|Any CPU.Build.0 = Release|Any CPU
		{EE6362D0-FAF2-46ED-A458-D69859AE8746}.Release|Any CPU.Deploy.0 = Release|Any CPU
	EndGlobalSection
	GlobalSection(SolutionProperties) = preSolution
		HideSolutionNode = FALSE
	EndGlobalSection
	GlobalSection(ExtensibilityGlobals) = postSolution
		SolutionGuid = {7E9F4FFD-969A-4DEB-B395-48568A2CD268}
	EndGlobalSection
EndGlobal
